
Microsoft Visual Studio Solution File, Format Version 11.00
# Visual Studio 2010
Project("{596CF2E3-0E3C-47CC-A161-0A910B38ED71}") = "DatabaseProjecttest", "DatabaseProjecttest\DatabaseProjecttest.rgproj", "{F69FABAE-80C1-41AD-B048-2E26A843ADCC}"
EndProject
Global
	GlobalSection(SolutionConfigurationPlatforms) = preSolution
		Debug|x86 = Debug|x86
		Release|x86 = Release|x86
	EndGlobalSection
	GlobalSection(ProjectConfigurationPlatforms) = postSolution
		{F69FABAE-80C1-41AD-B048-2E26A843ADCC}.Debug|x86.ActiveCfg = Debug|x86
		{F69FABAE-80C1-41AD-B048-2E26A843ADCC}.Debug|x86.Build.0 = Debug|x86
		{F69FABAE-80C1-41AD-B048-2E26A843ADCC}.Release|x86.ActiveCfg = Release|x86
		{F69FABAE-80C1-41AD-B048-2E26A843ADCC}.Release|x86.Build.0 = Release|x86
	EndGlobalSection
	GlobalSection(SolutionProperties) = preSolution
		HideSolutionNode = FALSE
	EndGlobalSection
EndGlobal
